
Microsoft Visual Studio Solution File, Format Version 12.00
# Visual Studio Version 17
VisualStudioVersion = 17.3.32819.101
MinimumVisualStudioVersion = 10.0.40219.1
Project("{FAE04EC0-301F-11D3-BF4B-00C04F79EFBC}") = "GItTesting", "GItTesting\GItTesting.csproj", "{507C942C-0CF6-465E-89E7-267F46C4A7D1}"
EndProject
Global
	GlobalSection(SolutionConfigurationPlatforms) = preSolution
		Debug|Any CPU = Debug|Any CPU
		Release|Any CPU = Release|Any CPU
	EndGlobalSection
	GlobalSection(ProjectConfigurationPlatforms) = postSolution
		{507C942C-0CF6-465E-89E7-267F46C4A7D1}.Debug|Any CPU.ActiveCfg = Debug|Any CPU
		{507C942C-0CF6-465E-89E7-267F46C4A7D1}.Debug|Any CPU.Build.0 = Debug|Any CPU
		{507C942C-0CF6-465E-89E7-267F46C4A7D1}.Release|Any CPU.ActiveCfg = Release|Any CPU
		{507C942C-0CF6-465E-89E7-267F46C4A7D1}.Release|Any CPU.Build.0 = Release|Any CPU
	EndGlobalSection
	GlobalSection(SolutionProperties) = preSolution
		HideSolutionNode = FALSE
	EndGlobalSection
	GlobalSection(ExtensibilityGlobals) = postSolution
		SolutionGuid = {20DBA9CA-50BB-4FBA-8E89-EAD55F27E98A}
	EndGlobalSection
EndGlobal
